
Microsoft Visual Studio Solution File, Format Version 12.00
# Visual Studio Version 17
VisualStudioVersion = 17.7.34031.279
MinimumVisualStudioVersion = 10.0.40219.1
Project("{FAE04EC0-301F-11D3-BF4B-00C04F79EFBC}") = "Assignment_4", "Assignment_4\Assignment_4.csproj", "{20277514-62BF-4C42-9548-447875A8299E}"
EndProject
Global
	GlobalSection(SolutionConfigurationPlatforms) = preSolution
		Debug|Any CPU = Debug|Any CPU
		Release|Any CPU = Release|Any CPU
	EndGlobalSection
	GlobalSection(ProjectConfigurationPlatforms) = postSolution
		{20277514-62BF-4C42-9548-447875A8299E}.Debug|Any CPU.ActiveCfg = Debug|Any CPU
		{20277514-62BF-4C42-9548-447875A8299E}.Debug|Any CPU.Build.0 = Debug|Any CPU
		{20277514-62BF-4C42-9548-447875A8299E}.Release|Any CPU.ActiveCfg = Release|Any CPU
		{20277514-62BF-4C42-9548-447875A8299E}.Release|Any CPU.Build.0 = Release|Any CPU
	EndGlobalSection
	GlobalSection(SolutionProperties) = preSolution
		HideSolutionNode = FALSE
	EndGlobalSection
	GlobalSection(ExtensibilityGlobals) = postSolution
		SolutionGuid = {2EC9DCE1-F6C9-4626-8843-262CF6B84DDE}
	EndGlobalSection
EndGlobal
